
Microsoft Visual Studio Solution File, Format Version 12.00
# Visual Studio 15
VisualStudioVersion = 15.0.26124.0
MinimumVisualStudioVersion = 15.0.26124.0
Project("{2150E333-8FDC-42A3-9474-1A3956D46DE8}") = "src", "src", "{6822D17D-C009-41CA-B26C-0B689909DF22}"
EndProject
Project("{FAE04EC0-301F-11D3-BF4B-00C04F79EFBC}") = "CommandAPI", "src\CommandAPI\CommandAPI.csproj", "{039C3476-5721-44AB-921C-4FD500468E43}"
EndProject
Project("{2150E333-8FDC-42A3-9474-1A3956D46DE8}") = "test", "test", "{A0EE08B7-7F37-4DE1-A304-5A4C65D0ABED}"
EndProject
Project("{FAE04EC0-301F-11D3-BF4B-00C04F79EFBC}") = "CommandAPI.Tests", "test\CommandAPI.Tests\CommandAPI.Tests.csproj", "{69498860-BD8D-40EE-918A-717763A210A4}"
EndProject
Global
	GlobalSection(SolutionConfigurationPlatforms) = preSolution
		Debug|Any CPU = Debug|Any CPU
		Debug|x64 = Debug|x64
		Debug|x86 = Debug|x86
		Release|Any CPU = Release|Any CPU
		Release|x64 = Release|x64
		Release|x86 = Release|x86
	EndGlobalSection
	GlobalSection(SolutionProperties) = preSolution
		HideSolutionNode = FALSE
	EndGlobalSection
	GlobalSection(ProjectConfigurationPlatforms) = postSolution
		{039C3476-5721-44AB-921C-4FD500468E43}.Debug|Any CPU.ActiveCfg = Debug|Any CPU
		{039C3476-5721-44AB-921C-4FD500468E43}.Debug|Any CPU.Build.0 = Debug|Any CPU
		{039C3476-5721-44AB-921C-4FD500468E43}.Debug|x64.ActiveCfg = Debug|Any CPU
		{039C3476-5721-44AB-921C-4FD500468E43}.Debug|x64.Build.0 = Debug|Any CPU
		{039C3476-5721-44AB-921C-4FD500468E43}.Debug|x86.ActiveCfg = Debug|Any CPU
		{039C3476-5721-44AB-921C-4FD500468E43}.Debug|x86.Build.0 = Debug|Any CPU
		{039C3476-5721-44AB-921C-4FD500468E43}.Release|Any CPU.ActiveCfg = Release|Any CPU
		{039C3476-5721-44AB-921C-4FD500468E43}.Release|Any CPU.Build.0 = Release|Any CPU
		{039C3476-5721-44AB-921C-4FD500468E43}.Release|x64.ActiveCfg = Release|Any CPU
		{039C3476-5721-44AB-921C-4FD500468E43}.Release|x64.Build.0 = Release|Any CPU
		{039C3476-5721-44AB-921C-4FD500468E43}.Release|x86.ActiveCfg = Release|Any CPU
		{039C3476-5721-44AB-921C-4FD500468E43}.Release|x86.Build.0 = Release|Any CPU
		{69498860-BD8D-40EE-918A-717763A210A4}.Debug|Any CPU.ActiveCfg = Debug|Any CPU
		{69498860-BD8D-40EE-918A-717763A210A4}.Debug|Any CPU.Build.0 = Debug|Any CPU
		{69498860-BD8D-40EE-918A-717763A210A4}.Debug|x64.ActiveCfg = Debug|Any CPU
		{69498860-BD8D-40EE-918A-717763A210A4}.Debug|x64.Build.0 = Debug|Any CPU
		{69498860-BD8D-40EE-918A-717763A210A4}.Debug|x86.ActiveCfg = Debug|Any CPU
		{69498860-BD8D-40EE-918A-717763A210A4}.Debug|x86.Build.0 = Debug|Any CPU
		{69498860-BD8D-40EE-918A-717763A210A4}.Release|Any CPU.ActiveCfg = Release|Any CPU
		{69498860-BD8D-40EE-918A-717763A210A4}.Release|Any CPU.Build.0 = Release|Any CPU
		{69498860-BD8D-40EE-918A-717763A210A4}.Release|x64.ActiveCfg = Release|Any CPU
		{69498860-BD8D-40EE-918A-717763A210A4}.Release|x64.Build.0 = Release|Any CPU
		{69498860-BD8D-40EE-918A-717763A210A4}.Release|x86.ActiveCfg = Release|Any CPU
		{69498860-BD8D-40EE-918A-717763A210A4}.Release|x86.Build.0 = Release|Any CPU
	EndGlobalSection
	GlobalSection(NestedProjects) = preSolution
		{039C3476-5721-44AB-921C-4FD500468E43} = {6822D17D-C009-41CA-B26C-0B689909DF22}
		{69498860-BD8D-40EE-918A-717763A210A4} = {A0EE08B7-7F37-4DE1-A304-5A4C65D0ABED}
	EndGlobalSection
EndGlobal
